
Microsoft Visual Studio Solution File, Format Version 12.00
# Visual Studio Version 17
VisualStudioVersion = 17.11.35327.3
MinimumVisualStudioVersion = 10.0.40219.1
Project("{FAE04EC0-301F-11D3-BF4B-00C04F79EFBC}") = "WebApplication2", "WebApplication2\WebApplication2.csproj", "{6F58FE31-D991-4221-94E9-03C3720CBAE6}"
EndProject
Global
	GlobalSection(SolutionConfigurationPlatforms) = preSolution
		Debug|Any CPU = Debug|Any CPU
		Release|Any CPU = Release|Any CPU
	EndGlobalSection
	GlobalSection(ProjectConfigurationPlatforms) = postSolution
		{6F58FE31-D991-4221-94E9-03C3720CBAE6}.Debug|Any CPU.ActiveCfg = Debug|Any CPU
		{6F58FE31-D991-4221-94E9-03C3720CBAE6}.Debug|Any CPU.Build.0 = Debug|Any CPU
		{6F58FE31-D991-4221-94E9-03C3720CBAE6}.Release|Any CPU.ActiveCfg = Release|Any CPU
		{6F58FE31-D991-4221-94E9-03C3720CBAE6}.Release|Any CPU.Build.0 = Release|Any CPU
	EndGlobalSection
	GlobalSection(SolutionProperties) = preSolution
		HideSolutionNode = FALSE
	EndGlobalSection
	GlobalSection(ExtensibilityGlobals) = postSolution
		SolutionGuid = {47AA89E3-0E17-40D2-BF78-A616B25F1890}
	EndGlobalSection
EndGlobal
